{
  "requires": true,
  "lockfileVersion": 1,
  "dependencies": {
    "jsonrpc-client-http-nats": {
      "version": "1.3.2",
      "resolved": "https://registry.npmjs.org/jsonrpc-client-http-nats/-/jsonrpc-client-http-nats-1.3.2.tgz",
      "integrity": "sha512-t6kuCafBV/MVPjdQJzgubtpL/LLs0TIP/xaw6Eje9DpiKTfCrWc1B1aGh1OFRwwjFUq3Irobj3FlMQIlSXExxQ==",
      "requires": {
        "nats": "1.3.2"
      },
      "dependencies": {
        "nats": {
          "version": "1.3.2",
          "resolved": "https://registry.npmjs.org/nats/-/nats-1.3.2.tgz",
          "integrity": "sha512-4BVDo3aT+x+ac/RgW1GXBLkjS7iXYrmQymFgQ33/bYn8VuU65M8gd7yxra+7Dr5J3RRN6+Bt0KhoG9ugzmL0rQ==",
          "requires": {
            "nuid": "^1.0.0",
            "ts-nkeys": "^1.0.8"
          }
        },
        "nuid": {
          "version": "1.1.4",
          "resolved": "https://registry.npmjs.org/nuid/-/nuid-1.1.4.tgz",
          "integrity": "sha512-PXiYyHhGfrq8H4g5HyC8enO1lz6SBe5z6x1yx/JG4tmADzDGJVQy3l1sRf3VtEvPsN8dGn9hRFRwDKWL62x0BA=="
        }
      }
    },
    "jsonrpc-server-http-nats": {
      "version": "0.1.14",
      "resolved": "https://registry.npmjs.org/jsonrpc-server-http-nats/-/jsonrpc-server-http-nats-0.1.14.tgz",
      "integrity": "sha512-6ymU1AxYfSHigcOBtv2VtWHbjB5+0cYJyfeLGRc5lFBZg6TrHdw66O/ZRQV+UFH6lE1jrTl4pUQuTtaP7S4v/A==",
      "requires": {
        "nats": "^0.8.10"
      }
    },
    "nats": {
      "version": "0.8.10",
      "resolved": "https://registry.npmjs.org/nats/-/nats-0.8.10.tgz",
      "integrity": "sha512-0aCDCjDbSzmesiHfMG5WEMDurip1mMOdJ2zDTztuKp0RizDcu4u82azvr7NPJvqx9NmBxF1wAlacuHZlMcCRHQ==",
      "requires": {
        "nuid": "^0.6.14"
      }
    },
    "nuid": {
      "version": "0.6.14",
      "resolved": "https://registry.npmjs.org/nuid/-/nuid-0.6.14.tgz",
      "integrity": "sha1-oiXItyDkbFY62NE2QTaGafbCW0g="
    },
    "ts-nkeys": {
      "version": "1.0.16",
      "resolved": "https://registry.npmjs.org/ts-nkeys/-/ts-nkeys-1.0.16.tgz",
      "integrity": "sha512-1qrhAlavbm36wtW+7NtKOgxpzl+70NTF8xlz9mEhiA5zHMlMxjj3sEVKWm3pGZhHXE0Q3ykjrj+OSRVaYw+Dqg==",
      "requires": {
        "tweetnacl": "^1.0.3"
      }
    },
    "tweetnacl": {
      "version": "1.0.3",
      "resolved": "https://registry.npmjs.org/tweetnacl/-/tweetnacl-1.0.3.tgz",
      "integrity": "sha512-6rt+RN7aOi1nGMyC4Xa5DdYiukl2UWCbcJft7YhxReBGQD7OAM8Pbxw6YMo4r2diNEA8FEmu32YOn9rhaiE5yw=="
    }
  }
}
